// !$*UTF8*$!
{
	archiveVersion = 1;
	classes = {
	};
	objectVersion = 46;
	objects = {

/* Begin PBXBuildFile section */
		95F8A7511DD1856200A725C9 /* main.m in Sources */ = {isa = PBXBuildFile; fileRef = 95F8A7501DD1856200A725C9 /* main.m */; };
		95F8A7541DD1856200A725C9 /* AppDelegate.m in Sources */ = {isa = PBXBuildFile; fileRef = 95F8A7531DD1856200A725C9 /* AppDelegate.m */; };
		95F8A7571DD1856200A725C9 /* ViewController.m in Sources */ = {isa = PBXBuildFile; fileRef = 95F8A7561DD1856200A725C9 /* ViewController.m */; };
		95F8A75A1DD1856200A725C9 /* Main.storyboard in Resources */ = {isa = PBXBuildFile; fileRef = 95F8A7581DD1856200A725C9 /* Main.storyboard */; };
		95F8A75C1DD1856200A725C9 /* Assets.xcassets in Resources */ = {isa = PBXBuildFile; fileRef = 95F8A75B1DD1856200A725C9 /* Assets.xcassets */; };
		95F8A75F1DD1856200A725C9 /* LaunchScreen.storyboard in Resources */ = {isa = PBXBuildFile; fileRef = 95F8A75D1DD1856200A725C9 /* LaunchScreen.storyboard */; };
		95F8A7681DD1874A00A725C9 /* Player.m in Sources */ = {isa = PBXBuildFile; fileRef = 95F8A7671DD1874A00A725C9 /* Player.m */; };
		95F8A76B1DD1875400A725C9 /* GameManager.m in Sources */ = {isa = PBXBuildFile; fileRef = 95F8A76A1DD1875400A725C9 /* GameManager.m */; };
/* End PBXBuildFile section */

/* Begin PBXFileReference section */
		95F8A74C1DD1856200A725C9 /* MathsGame.app */ = {isa = PBXFileReference; explicitFileType = wrapper.application; includeInIndex = 0; path = MathsGame.app; sourceTree = BUILT_PRODUCTS_DIR; };
		95F8A7501DD1856200A725C9 /* main.m */ = {isa = PBXFileReference; lastKnownFileType = sourcecode.c.objc; path = main.m; sourceTree = "<group>"; };
		95F8A7521DD1856200A725C9 /* AppDelegate.h */ = {isa = PBXFileReference; lastKnownFileType = sourcecode.c.h; path = AppDelegate.h; sourceTree = "<group>"; };
		95F8A7531DD1856200A725C9 /* AppDelegate.m */ = {isa = PBXFileReference; lastKnownFileType = sourcecode.c.objc; path = AppDelegate.m; sourceTree = "<group>"; };
		95F8A7551DD1856200A725C9 /* ViewController.h */ = {isa = PBXFileReference; lastKnownFileType = sourcecode.c.h; path = ViewController.h; sourceTree = "<group>"; };
		95F8A7561DD1856200A725C9 /* ViewController.m */ = {isa = PBXFileReference; lastKnownFileType = sourcecode.c.objc; path = ViewController.m; sourceTree = "<group>"; };
		95F8A7591DD1856200A725C9 /* Base */ = {isa = PBXFileReference; lastKnownFileType = file.storyboard; name = Base; path = Base.lproj/Main.storyboard; sourceTree = "<group>"; };
		95F8A75B1DD1856200A725C9 /* Assets.xcassets */ = {isa = PBXFileReference; lastKnownFileType = folder.assetcatalog; path = Assets.xcassets; sourceTree = "<group>"; };
		95F8A75E1DD1856200A725C9 /* Base */ = {isa = PBXFileReference; lastKnownFileType = file.storyboard; name = Base; path = Base.lproj/LaunchScreen.storyboard; sourceTree = "<group>"; };
		95F8A7601DD1856200A725C9 /* Info.plist */ = {isa = PBXFileReference; lastKnownFileType = text.plist.xml; path = Info.plist; sourceTree = "<group>"; };
		95F8A7661DD1874A00A725C9 /* Player.h */ = {isa = PBXFileReference; fileEncoding = 4; lastKnownFileType = sourcecode.c.h; path = Player.h; sourceTree = "<group>"; };
		95F8A7671DD1874A00A725C9 /* Player.m */ = {isa = PBXFileReference; fileEncoding = 4; lastKnownFileType = sourcecode.c.objc; path = Player.m; sourceTree = "<group>"; };
		95F8A7691DD1875400A725C9 /* GameManager.h */ = {isa = PBXFileReference; fileEncoding = 4; lastKnownFileType = sourcecode.c.h; path = GameManager.h; sourceTree = "<group>"; };
		95F8A76A1DD1875400A725C9 /* GameManager.m */ = {isa = PBXFileReference; fileEncoding = 4; lastKnownFileType = sourcecode.c.objc; path = GameManager.m; sourceTree = "<group>"; };
/* End PBXFileReference section */

/* Begin PBXFrameworksBuildPhase section */
		95F8A7491DD1856200A725C9 /* Frameworks */ = {
			isa = PBXFrameworksBuildPhase;
			buildActionMask = 2147483647;
			files = (
			);
			runOnlyForDeploymentPostprocessing = 0;
		};
/* End PBXFrameworksBuildPhase section */

/* Begin PBXGroup section */
		95F8A7431DD1856200A725C9 = {
			isa = PBXGroup;
			children = (
				95F8A74E1DD1856200A725C9 /* MathsGame */,
				95F8A74D1DD1856200A725C9 /* Products */,
			);
			sourceTree = "<group>";
		};
		95F8A74D1DD1856200A725C9 /* Products */ = {
			isa = PBXGroup;
			children = (
				95F8A74C1DD1856200A725C9 /* MathsGame.app */,
			);
			name = Products;
			sourceTree = "<group>";
		};
		95F8A74E1DD1856200A725C9 /* MathsGame */ = {
			isa = PBXGroup;
			children = (
				95F8A7521DD1856200A725C9 /* AppDelegate.h */,
				95F8A7531DD1856200A725C9 /* AppDelegate.m */,
				95F8A7551DD1856200A725C9 /* ViewController.h */,
				95F8A7561DD1856200A725C9 /* ViewController.m */,
				95F8A7581DD1856200A725C9 /* Main.storyboard */,
				95F8A7661DD1874A00A725C9 /* Player.h */,
				95F8A7671DD1874A00A725C9 /* Player.m */,
				95F8A7691DD1875400A725C9 /* GameManager.h */,
				95F8A76A1DD1875400A725C9 /* GameManager.m */,
				95F8A75B1DD1856200A725C9 /* Assets.xcassets */,
				95F8A75D1DD1856200A725C9 /* LaunchScreen.storyboard */,
				95F8A7601DD1856200A725C9 /* Info.plist */,
				95F8A74F1DD1856200A725C9 /* Supporting Files */,
			);
			path = MathsGame;
			sourceTree = "<group>";
		};
		95F8A74F1DD1856200A725C9 /* Supporting Files */ = {
			isa = PBXGroup;
			children = (
				95F8A7501DD1856200A725C9 /* main.m */,
			);
			name = "Supporting Files";
			sourceTree = "<group>";
		};
/* End PBXGroup section */

/* Begin PBXNativeTarget section */
		95F8A74B1DD1856200A725C9 /* MathsGame */ = {
			isa = PBXNativeTarget;
			buildConfigurationList = 95F8A7631DD1856200A725C9 /* Build configuration list for PBXNativeTarget "MathsGame" */;
			buildPhases = (
				95F8A7481DD1856200A725C9 /* Sources */,
				95F8A7491DD1856200A725C9 /* Frameworks */,
				95F8A74A1DD1856200A725C9 /* Resources */,
			);
			buildRules = (
			);
			dependencies = (
			);
			name = MathsGame;
			productName = MathsGame;
			productReference = 95F8A74C1DD1856200A725C9 /* MathsGame.app */;
			productType = "com.apple.product-type.application";
		};
/* End PBXNativeTarget section */

/* Begin PBXProject section */
		95F8A7441DD1856200A725C9 /* Project object */ = {
			isa = PBXProject;
			attributes = {
				LastUpgradeCheck = 0800;
				ORGANIZATIONNAME = "Matthew Mauro";
				TargetAttributes = {
					95F8A74B1DD1856200A725C9 = {
						CreatedOnToolsVersion = 8.0;
						ProvisioningStyle = Automatic;
					};
				};
			};
			buildConfigurationList = 95F8A7471DD1856200A725C9 /* Build configuration list for PBXProject "MathsGame" */;
			compatibilityVersion = "Xcode 3.2";
			developmentRegion = English;
			hasScannedForEncodings = 0;
			knownRegions = (
				en,
				Base,
			);
			mainGroup = 95F8A7431DD1856200A725C9;
			productRefGroup = 95F8A74D1DD1856200A725C9 /* Products */;
			projectDirPath = "";
			projectRoot = "";
			targets = (
				95F8A74B1DD1856200A725C9 /* MathsGame */,
			);
		};
/* End PBXProject section */

/* Begin PBXResourcesBuildPhase section */
		95F8A74A1DD1856200A725C9 /* Resources */ = {
			isa = PBXResourcesBuildPhase;
			buildActionMask = 2147483647;
			files = (
				95F8A75F1DD1856200A725C9 /* LaunchScreen.storyboard in Resources */,
				95F8A75C1DD1856200A725C9 /* Assets.xcassets in Resources */,
				95F8A75A1DD1856200A725C9 /* Main.storyboard in Resources */,
			);
			runOnlyForDeploymentPostprocessing = 0;
		};
/* End PBXResourcesBuildPhase section */

/* Begin PBXSourcesBuildPhase section */
		95F8A7481DD1856200A725C9 /* Sources */ = {
			isa = PBXSourcesBuildPhase;
			buildActionMask = 2147483647;
			files = (
				95F8A7681DD1874A00A725C9 /* Player.m in Sources */,
				95F8A7571DD1856200A725C9 /* ViewController.m in Sources */,
				95F8A76B1DD1875400A725C9 /* GameManager.m in Sources */,
				95F8A7541DD1856200A725C9 /* AppDelegate.m in Sources */,
				95F8A7511DD1856200A725C9 /* main.m in Sources */,
			);
			runOnlyForDeploymentPostprocessing = 0;
		};
/* End PBXSourcesBuildPhase section */

/* Begin PBXVariantGroup section */
		95F8A7581DD1856200A725C9 /* Main.storyboard */ = {
			isa = PBXVariantGroup;
			children = (
				95F8A7591DD1856200A725C9 /* Base */,
			);
			name = Main.storyboard;
			sourceTree = "<group>";
		};
		95F8A75D1DD1856200A725C9 /* LaunchScreen.storyboard */ = {
			isa = PBXVariantGroup;
			children = (
				95F8A75E1DD1856200A725C9 /* Base */,
			);
			name = LaunchScreen.storyboard;
			sourceTree = "<group>";
		};
/* End PBXVariantGroup section */

/* Begin XCBuildConfiguration section */
		95F8A7611DD1856200A725C9 /* Debug */ = {
			isa = XCBuildConfiguration;
			buildSettings = {
				ALWAYS_SEARCH_USER_PATHS = NO;
				CLANG_ANALYZER_NONNULL = YES;
				CLANG_CXX_LANGUAGE_STANDARD = "gnu++0x";
				CLANG_CXX_LIBRARY = "libc++";
				CLANG_ENABLE_MODULES = YES;
				CLANG_ENABLE_OBJC_ARC = YES;
				CLANG_WARN_BOOL_CONVERSION = YES;
				CLANG_WARN_CONSTANT_CONVERSION = YES;
				CLANG_WARN_DIRECT_OBJC_ISA_USAGE = YES_ERROR;
				CLANG_WARN_DOCUMENTATION_COMMENTS = YES;
				CLANG_WARN_EMPTY_BODY = YES;
				CLANG_WARN_ENUM_CONVERSION = YES;
				CLANG_WARN_INFINITE_RECURSION = YES;
				CLANG_WARN_INT_CONVERSION = YES;
				CLANG_WARN_OBJC_ROOT_CLASS = YES_ERROR;
				CLANG_WARN_SUSPICIOUS_MOVES = YES;
				CLANG_WARN_UNREACHABLE_CODE = YES;
				CLANG_WARN__DUPLICATE_METHOD_MATCH = YES;
				"CODE_SIGN_IDENTITY[sdk=iphoneos*]" = "iPhone Developer";
				COPY_PHASE_STRIP = NO;
				DEBUG_INFORMATION_FORMAT = dwarf;
				ENABLE_STRICT_OBJC_MSGSEND = YES;
				ENABLE_TESTABILITY = YES;
				GCC_C_LANGUAGE_STANDARD = gnu99;
				GCC_DYNAMIC_NO_PIC = NO;
				GCC_NO_COMMON_BLOCKS = YES;
				GCC_OPTIMIZATION_LEVEL = 0;
				GCC_PREPROCESSOR_DEFINITIONS = (
					"DEBUG=1",
					"$(inherited)",
				);
				GCC_WARN_64_TO_32_BIT_CONVERSION = YES;
				GCC_WARN_ABOUT_RETURN_TYPE = YES_ERROR;
				GCC_WARN_UNDECLARED_SELECTOR = YES;
				GCC_WARN_UNINITIALIZED_AUTOS = YES_AGGRESSIVE;
				GCC_WARN_UNUSED_FUNCTION = YES;
				GCC_WARN_UNUSED_VARIABLE = YES;
				IPHONEOS_DEPLOYMENT_TARGET = 10.0;
				MTL_ENABLE_DEBUG_INFO = YES;
				ONLY_ACTIVE_ARCH = YES;
				SDKROOT = iphoneos;
			};
			name = Debug;
		};
		95F8A7621DD1856200A725C9 /* Release */ = {
			isa = XCBuildConfiguration;
			buildSettings = {
				ALWAYS_SEARCH_USER_PATHS = NO;
				CLANG_ANALYZER_NONNULL = YES;
				CLANG_CXX_LANGUAGE_STANDARD = "gnu++0x";
				CLANG_CXX_LIBRARY = "libc++";
				CLANG_ENABLE_MODULES = YES;
				CLANG_ENABLE_OBJC_ARC = YES;
				CLANG_WARN_BOOL_CONVERSION = YES;
				CLANG_WARN_CONSTANT_CONVERSION = YES;
				CLANG_WARN_DIRECT_OBJC_ISA_USAGE = YES_ERROR;
				CLANG_WARN_DOCUMENTATION_COMMENTS = YES;
				CLANG_WARN_EMPTY_BODY = YES;
				CLANG_WARN_ENUM_CONVERSION = YES;
				CLANG_WARN_INFINITE_RECURSION = YES;
				CLANG_WARN_INT_CONVERSION = YES;
				CLANG_WARN_OBJC_ROOT_CLASS = YES_ERROR;
				CLANG_WARN_SUSPICIOUS_MOVES = YES;
				CLANG_WARN_UNREACHABLE_CODE = YES;
				CLANG_WARN__DUPLICATE_METHOD_MATCH = YES;
				"CODE_SIGN_IDENTITY[sdk=iphoneos*]" = "iPhone Developer";
				COPY_PHASE_STRIP = NO;
				DEBUG_INFORMATION_FORMAT = "dwarf-with-dsym";
				ENABLE_NS_ASSERTIONS = NO;
				ENABLE_STRICT_OBJC_MSGSEND = YES;
				GCC_C_LANGUAGE_STANDARD = gnu99;
				GCC_NO_COMMON_BLOCKS = YES;
				GCC_WARN_64_TO_32_BIT_CONVERSION = YES;
				GCC_WARN_ABOUT_RETURN_TYPE = YES_ERROR;
				GCC_WARN_UNDECLARED_SELECTOR = YES;
				GCC_WARN_UNINITIALIZED_AUTOS = YES_AGGRESSIVE;
				GCC_WARN_UNUSED_FUNCTION = YES;
				GCC_WARN_UNUSED_VARIABLE = YES;
				IPHONEOS_DEPLOYMENT_TARGET = 10.0;
				MTL_ENABLE_DEBUG_INFO = NO;
				SDKROOT = iphoneos;
				VALIDATE_PRODUCT = YES;
			};
			name = Release;
		};
		95F8A7641DD1856200A725C9 /* Debug */ = {
			isa = XCBuildConfiguration;
			buildSettings = {
				ASSETCATALOG_COMPILER_APPICON_NAME = AppIcon;
				INFOPLIST_FILE = MathsGame/Info.plist;
				LD_RUNPATH_SEARCH_PATHS = "$(inherited) @executable_path/Frameworks";
				PRODUCT_BUNDLE_IDENTIFIER = kurokakari.MathsGame;
				PRODUCT_NAME = "$(TARGET_NAME)";
			};
			name = Debug;
		};
		95F8A7651DD1856200A725C9 /* Release */ = {
			isa = XCBuildConfiguration;
			buildSettings = {
				ASSETCATALOG_COMPILER_APPICON_NAME = AppIcon;
				INFOPLIST_FILE = MathsGame/Info.plist;
				LD_RUNPATH_SEARCH_PATHS = "$(inherited) @executable_path/Frameworks";
				PRODUCT_BUNDLE_IDENTIFIER = kurokakari.MathsGame;
				PRODUCT_NAME = "$(TARGET_NAME)";
			};
			name = Release;
		};
/* End XCBuildConfiguration section */

/* Begin XCConfigurationList section */
		95F8A7471DD1856200A725C9 /* Build configuration list for PBXProject "MathsGame" */ = {
			isa = XCConfigurationList;
			buildConfigurations = (
				95F8A7611DD1856200A725C9 /* Debug */,
				95F8A7621DD1856200A725C9 /* Release */,
			);
			defaultConfigurationIsVisible = 0;
			defaultConfigurationName = Release;
		};
		95F8A7631DD1856200A725C9 /* Build configuration list for PBXNativeTarget "MathsGame" */ = {
			isa = XCConfigurationList;
			buildConfigurations = (
				95F8A7641DD1856200A725C9 /* Debug */,
				95F8A7651DD1856200A725C9 /* Release */,
			);
			defaultConfigurationIsVisible = 0;
		};
/* End XCConfigurationList section */
	};
	rootObject = 95F8A7441DD1856200A725C9 /* Project object */;
}
